
Microsoft Visual Studio Solution File, Format Version 12.00
# Visual Studio Version 17
VisualStudioVersion = 17.5.002.0
MinimumVisualStudioVersion = 10.0.40219.1
Project("{9A19103F-16F7-4668-BE54-9A1E7A4F7556}") = "ClinicManagement.BLL", "ClinicManagement.BLL\ClinicManagement.BLL.csproj", "{E6944F3F-2572-480B-A8B9-900CDC770036}"
EndProject
Project("{9A19103F-16F7-4668-BE54-9A1E7A4F7556}") = "ClinicManagement.DAL", "ClinicManagement.DAL\ClinicManagement.DAL.csproj", "{8F1EB991-3131-4F90-BCF3-42BE703D490B}"
EndProject
Project("{9A19103F-16F7-4668-BE54-9A1E7A4F7556}") = "ClinicManagement", "ClinicManagement\ClinicManagement.csproj", "{9A78CB34-1DF1-4EC9-AF2F-3EBB8E2593BB}"
EndProject
Project("{FAE04EC0-301F-11D3-BF4B-00C04F79EFBC}") = "ClinicManagement.BLLTest", "ClinicManagement.BLLTest\ClinicManagement.BLLTest.csproj", "{D4470E59-3957-4E49-8670-B086990C5732}"
EndProject
Global
	GlobalSection(SolutionConfigurationPlatforms) = preSolution
		Debug|Any CPU = Debug|Any CPU
		Release|Any CPU = Release|Any CPU
	EndGlobalSection
	GlobalSection(ProjectConfigurationPlatforms) = postSolution
		{E6944F3F-2572-480B-A8B9-900CDC770036}.Debug|Any CPU.ActiveCfg = Debug|Any CPU
		{E6944F3F-2572-480B-A8B9-900CDC770036}.Debug|Any CPU.Build.0 = Debug|Any CPU
		{E6944F3F-2572-480B-A8B9-900CDC770036}.Release|Any CPU.ActiveCfg = Release|Any CPU
		{E6944F3F-2572-480B-A8B9-900CDC770036}.Release|Any CPU.Build.0 = Release|Any CPU
		{8F1EB991-3131-4F90-BCF3-42BE703D490B}.Debug|Any CPU.ActiveCfg = Debug|Any CPU
		{8F1EB991-3131-4F90-BCF3-42BE703D490B}.Debug|Any CPU.Build.0 = Debug|Any CPU
		{8F1EB991-3131-4F90-BCF3-42BE703D490B}.Release|Any CPU.ActiveCfg = Release|Any CPU
		{8F1EB991-3131-4F90-BCF3-42BE703D490B}.Release|Any CPU.Build.0 = Release|Any CPU
		{9A78CB34-1DF1-4EC9-AF2F-3EBB8E2593BB}.Debug|Any CPU.ActiveCfg = Debug|Any CPU
		{9A78CB34-1DF1-4EC9-AF2F-3EBB8E2593BB}.Debug|Any CPU.Build.0 = Debug|Any CPU
		{9A78CB34-1DF1-4EC9-AF2F-3EBB8E2593BB}.Release|Any CPU.ActiveCfg = Release|Any CPU
		{9A78CB34-1DF1-4EC9-AF2F-3EBB8E2593BB}.Release|Any CPU.Build.0 = Release|Any CPU
		{D4470E59-3957-4E49-8670-B086990C5732}.Debug|Any CPU.ActiveCfg = Debug|Any CPU
		{D4470E59-3957-4E49-8670-B086990C5732}.Debug|Any CPU.Build.0 = Debug|Any CPU
		{D4470E59-3957-4E49-8670-B086990C5732}.Release|Any CPU.ActiveCfg = Release|Any CPU
		{D4470E59-3957-4E49-8670-B086990C5732}.Release|Any CPU.Build.0 = Release|Any CPU
	EndGlobalSection
	GlobalSection(SolutionProperties) = preSolution
		HideSolutionNode = FALSE
	EndGlobalSection
	GlobalSection(ExtensibilityGlobals) = postSolution
		SolutionGuid = {0A364816-D031-4C5E-9643-3FA9A0646510}
	EndGlobalSection
EndGlobal
