
Microsoft Visual Studio Solution File, Format Version 12.00
# Visual Studio Version 17
VisualStudioVersion = 17.9.34728.123
MinimumVisualStudioVersion = 10.0.40219.1
Project("{FAE04EC0-301F-11D3-BF4B-00C04F79EFBC}") = "ClinicManagement", "ClinicManagement\ClinicManagement.csproj", "{C45410CE-D1A0-4277-972D-0F6D90B44892}"
EndProject
Global
	GlobalSection(SolutionConfigurationPlatforms) = preSolution
		Debug|Any CPU = Debug|Any CPU
		Release|Any CPU = Release|Any CPU
	EndGlobalSection
	GlobalSection(ProjectConfigurationPlatforms) = postSolution
		{C45410CE-D1A0-4277-972D-0F6D90B44892}.Debug|Any CPU.ActiveCfg = Debug|Any CPU
		{C45410CE-D1A0-4277-972D-0F6D90B44892}.Debug|Any CPU.Build.0 = Debug|Any CPU
		{C45410CE-D1A0-4277-972D-0F6D90B44892}.Release|Any CPU.ActiveCfg = Release|Any CPU
		{C45410CE-D1A0-4277-972D-0F6D90B44892}.Release|Any CPU.Build.0 = Release|Any CPU
	EndGlobalSection
	GlobalSection(SolutionProperties) = preSolution
		HideSolutionNode = FALSE
	EndGlobalSection
	GlobalSection(ExtensibilityGlobals) = postSolution
		SolutionGuid = {1E7725E8-855E-4A18-9220-7708DABCF7F3}
	EndGlobalSection
EndGlobal
